
Microsoft Visual Studio Solution File, Format Version 12.00
Project("{2150E333-8FDC-42A3-9474-1A3956D46DE8}") = "src", "src", "{DABA362F-0A8F-4B27-9F60-C92A4A442512}"
EndProject
Project("{2150E333-8FDC-42A3-9474-1A3956D46DE8}") = "test", "test", "{0D89BDDA-A4EB-43F6-9B16-6A41470DB13E}"
EndProject
Project("{FAE04EC0-301F-11D3-BF4B-00C04F79EFBC}") = "Aevatar.Workshop.Client", "src\Aevatar.Workshop.Client\Aevatar.Workshop.Client.csproj", "{C531EDB6-7441-49A4-B250-75718BEDB2C7}"
EndProject
Project("{FAE04EC0-301F-11D3-BF4B-00C04F79EFBC}") = "Aevatar.Workshop.GAgent", "src\Aevatar.Workshop.GAgent\Aevatar.Workshop.GAgent.csproj", "{B52800ED-309F-48D5-965F-3154F47B2477}"
EndProject
Project("{FAE04EC0-301F-11D3-BF4B-00C04F79EFBC}") = "Aevatar.Workshop.Host", "src\Aevatar.Workshop.Host\Aevatar.Workshop.Host.csproj", "{057FBEE7-E1EC-457C-A2B5-9C5FA17574F8}"
EndProject
Project("{FAE04EC0-301F-11D3-BF4B-00C04F79EFBC}") = "Aevatar.Workshop.AIRouterWorkflowGAgent", "src\Aevatar.Workshop.AIRouterWorkflowGAgent\Aevatar.Workshop.AIRouterWorkflowGAgent.csproj", "{11605857-0959-406A-8563-DAB09E78772D}"
EndProject
Project("{FAE04EC0-301F-11D3-BF4B-00C04F79EFBC}") = "Aevatar.Workshop.Tests", "test\Aevatar.Workshop.Tests\Aevatar.Workshop.Tests.csproj", "{6FAD6ADE-61F6-4E70-83B8-81F1BBC2D442}"
EndProject
Global
	GlobalSection(SolutionConfigurationPlatforms) = preSolution
		Debug|Any CPU = Debug|Any CPU
		Release|Any CPU = Release|Any CPU
	EndGlobalSection
	GlobalSection(NestedProjects) = preSolution
		{C531EDB6-7441-49A4-B250-75718BEDB2C7} = {DABA362F-0A8F-4B27-9F60-C92A4A442512}
		{B52800ED-309F-48D5-965F-3154F47B2477} = {DABA362F-0A8F-4B27-9F60-C92A4A442512}
		{057FBEE7-E1EC-457C-A2B5-9C5FA17574F8} = {DABA362F-0A8F-4B27-9F60-C92A4A442512}
		{11605857-0959-406A-8563-DAB09E78772D} = {DABA362F-0A8F-4B27-9F60-C92A4A442512}
		{6FAD6ADE-61F6-4E70-83B8-81F1BBC2D442} = {0D89BDDA-A4EB-43F6-9B16-6A41470DB13E}
	EndGlobalSection
	GlobalSection(ProjectConfigurationPlatforms) = postSolution
		{C531EDB6-7441-49A4-B250-75718BEDB2C7}.Debug|Any CPU.ActiveCfg = Debug|Any CPU
		{C531EDB6-7441-49A4-B250-75718BEDB2C7}.Debug|Any CPU.Build.0 = Debug|Any CPU
		{C531EDB6-7441-49A4-B250-75718BEDB2C7}.Release|Any CPU.ActiveCfg = Release|Any CPU
		{C531EDB6-7441-49A4-B250-75718BEDB2C7}.Release|Any CPU.Build.0 = Release|Any CPU
		{B52800ED-309F-48D5-965F-3154F47B2477}.Debug|Any CPU.ActiveCfg = Debug|Any CPU
		{B52800ED-309F-48D5-965F-3154F47B2477}.Debug|Any CPU.Build.0 = Debug|Any CPU
		{B52800ED-309F-48D5-965F-3154F47B2477}.Release|Any CPU.ActiveCfg = Release|Any CPU
		{B52800ED-309F-48D5-965F-3154F47B2477}.Release|Any CPU.Build.0 = Release|Any CPU
		{057FBEE7-E1EC-457C-A2B5-9C5FA17574F8}.Debug|Any CPU.ActiveCfg = Debug|Any CPU
		{057FBEE7-E1EC-457C-A2B5-9C5FA17574F8}.Debug|Any CPU.Build.0 = Debug|Any CPU
		{057FBEE7-E1EC-457C-A2B5-9C5FA17574F8}.Release|Any CPU.ActiveCfg = Release|Any CPU
		{057FBEE7-E1EC-457C-A2B5-9C5FA17574F8}.Release|Any CPU.Build.0 = Release|Any CPU
		{11605857-0959-406A-8563-DAB09E78772D}.Debug|Any CPU.ActiveCfg = Debug|Any CPU
		{11605857-0959-406A-8563-DAB09E78772D}.Debug|Any CPU.Build.0 = Debug|Any CPU
		{11605857-0959-406A-8563-DAB09E78772D}.Release|Any CPU.ActiveCfg = Release|Any CPU
		{11605857-0959-406A-8563-DAB09E78772D}.Release|Any CPU.Build.0 = Release|Any CPU
		{6FAD6ADE-61F6-4E70-83B8-81F1BBC2D442}.Debug|Any CPU.ActiveCfg = Debug|Any CPU
		{6FAD6ADE-61F6-4E70-83B8-81F1BBC2D442}.Debug|Any CPU.Build.0 = Debug|Any CPU
		{6FAD6ADE-61F6-4E70-83B8-81F1BBC2D442}.Release|Any CPU.ActiveCfg = Release|Any CPU
		{6FAD6ADE-61F6-4E70-83B8-81F1BBC2D442}.Release|Any CPU.Build.0 = Release|Any CPU
	EndGlobalSection
EndGlobal
