
Microsoft Visual Studio Solution File, Format Version 12.00
Project("{2150E333-8FDC-42A3-9474-1A3956D46DE8}") = "src", "src", "{DABA362F-0A8F-4B27-9F60-C92A4A442512}"
EndProject
Project("{2150E333-8FDC-42A3-9474-1A3956D46DE8}") = "test", "test", "{0D89BDDA-A4EB-43F6-9B16-6A41470DB13E}"
EndProject
Project("{FAE04EC0-301F-11D3-BF4B-00C04F79EFBC}") = "Aevatar.Workshop.Client", "src\Aevatar.Workshop.Client\Aevatar.Workshop.Client.csproj", "{C531EDB6-7441-49A4-B250-75718BEDB2C7}"
EndProject
Project("{FAE04EC0-301F-11D3-BF4B-00C04F79EFBC}") = "Aevatar.Workshop.GAgent", "src\Aevatar.Workshop.GAgent\Aevatar.Workshop.GAgent.csproj", "{B52800ED-309F-48D5-965F-3154F47B2477}"
EndProject
Project("{FAE04EC0-301F-11D3-BF4B-00C04F79EFBC}") = "Aevatar.Workshop.Host", "src\Aevatar.Workshop.Host\Aevatar.Workshop.Host.csproj", "{057FBEE7-E1EC-457C-A2B5-9C5FA17574F8}"
EndProject
Project("{2150E333-8FDC-42A3-9474-1A3956D46DE8}") = "docs", "docs", "{BB370C57-8BFC-4062-917D-296D1BCA09DF}"
	ProjectSection(SolutionItems) = preProject
		docs\gagent_executor.md = docs\gagent_executor.md
		docs\config-sync-index.md = docs\config-sync-index.md
		docs\config-sync-quickstart.md = docs\config-sync-quickstart.md
		docs\config-sync-architecture.md = docs\config-sync-architecture.md
		docs\config-sync-component-diagram.md = docs\config-sync-component-diagram.md
		docs\HowToUseGAgentRules.md = docs\HowToUseGAgentRules.md
		docs\GAgentImplementationRules.md = docs\GAgentImplementationRules.md
		docs\GAgentImplementationRules.zh.md = docs\GAgentImplementationRules.zh.md
		docs\gagent-implementation-v1.md = docs\gagent-implementation-v1.md
	EndProjectSection
EndProject
Project("{FAE04EC0-301F-11D3-BF4B-00C04F79EFBC}") = "Aevatar.Workshop.Tests", "test\Aevatar.Workshop.Tests\Aevatar.Workshop.Tests.csproj", "{7968FE73-09FA-495C-94C5-22A0D58491D4}"
EndProject
Project("{FAE04EC0-301F-11D3-BF4B-00C04F79EFBC}") = "Aevatar.Workshop.TestBase", "test\Aevatar.Workshop.TestBase\Aevatar.Workshop.TestBase.csproj", "{FD5F3F32-DFE9-4FDB-8D63-76184078812A}"
EndProject
Project("{2150E333-8FDC-42A3-9474-1A3956D46DE8}") = "resource", "resource", "{14083CD4-97B1-4C74-A934-A4C4DE12DD67}"
	ProjectSection(SolutionItems) = preProject
		Directory.Packages.props = Directory.Packages.props
		Directory.Build.props = Directory.Build.props
		host.log = host.log
		client.log = client.log
	EndProjectSection
EndProject
Project("{2150E333-8FDC-42A3-9474-1A3956D46DE8}") = "scripts", "scripts", "{0F1BF856-8777-4C91-B0C1-DA1D9D70F226}"
	ProjectSection(SolutionItems) = preProject
		shutdown.sh = shutdown.sh
		quickstart.sh = quickstart.sh
		docker-shutdown.sh = docker-shutdown.sh
		docker-quickstart.sh = docker-quickstart.sh
	EndProjectSection
EndProject
Project("{2150E333-8FDC-42A3-9474-1A3956D46DE8}") = ".cursor", ".cursor", "{350EB898-0A81-4021-A1EA-25148F4801AB}"
EndProject
Project("{2150E333-8FDC-42A3-9474-1A3956D46DE8}") = "rules", "rules", "{852D114D-CAED-4E09-BBC6-8E1A0195F2C7}"
	ProjectSection(SolutionItems) = preProject
		.cursor\rules\flow.mdc = .cursor\rules\flow.mdc
		.cursor\rules\code-practices.mdc = .cursor\rules\code-practices.mdc
		.cursor\rules\test-practices.mdc = .cursor\rules\test-practices.mdc
		.cursor\rules\gagent-implementation-v1.mdc = .cursor\rules\gagent-implementation-v1.mdc
	EndProjectSection
EndProject
Project("{2150E333-8FDC-42A3-9474-1A3956D46DE8}") = "docker", "docker", "{626A0D27-0ABD-4A41-B555-1E5A248FBBCA}"
	ProjectSection(SolutionItems) = preProject
		docker\.dockerignore = docker\.dockerignore
		docker\README.md = docker\README.md
		docker\README.zh.md = docker\README.zh.md
	EndProjectSection
EndProject
Global
	GlobalSection(SolutionConfigurationPlatforms) = preSolution
		Debug|Any CPU = Debug|Any CPU
		Release|Any CPU = Release|Any CPU
	EndGlobalSection
	GlobalSection(NestedProjects) = preSolution
		{C531EDB6-7441-49A4-B250-75718BEDB2C7} = {DABA362F-0A8F-4B27-9F60-C92A4A442512}
		{B52800ED-309F-48D5-965F-3154F47B2477} = {DABA362F-0A8F-4B27-9F60-C92A4A442512}
		{057FBEE7-E1EC-457C-A2B5-9C5FA17574F8} = {DABA362F-0A8F-4B27-9F60-C92A4A442512}
		{7968FE73-09FA-495C-94C5-22A0D58491D4} = {0D89BDDA-A4EB-43F6-9B16-6A41470DB13E}
		{FD5F3F32-DFE9-4FDB-8D63-76184078812A} = {0D89BDDA-A4EB-43F6-9B16-6A41470DB13E}
		{852D114D-CAED-4E09-BBC6-8E1A0195F2C7} = {350EB898-0A81-4021-A1EA-25148F4801AB}
	EndGlobalSection
	GlobalSection(ProjectConfigurationPlatforms) = postSolution
		{C531EDB6-7441-49A4-B250-75718BEDB2C7}.Debug|Any CPU.ActiveCfg = Debug|Any CPU
		{C531EDB6-7441-49A4-B250-75718BEDB2C7}.Debug|Any CPU.Build.0 = Debug|Any CPU
		{C531EDB6-7441-49A4-B250-75718BEDB2C7}.Release|Any CPU.ActiveCfg = Release|Any CPU
		{C531EDB6-7441-49A4-B250-75718BEDB2C7}.Release|Any CPU.Build.0 = Release|Any CPU
		{B52800ED-309F-48D5-965F-3154F47B2477}.Debug|Any CPU.ActiveCfg = Debug|Any CPU
		{B52800ED-309F-48D5-965F-3154F47B2477}.Debug|Any CPU.Build.0 = Debug|Any CPU
		{B52800ED-309F-48D5-965F-3154F47B2477}.Release|Any CPU.ActiveCfg = Release|Any CPU
		{B52800ED-309F-48D5-965F-3154F47B2477}.Release|Any CPU.Build.0 = Release|Any CPU
		{057FBEE7-E1EC-457C-A2B5-9C5FA17574F8}.Debug|Any CPU.ActiveCfg = Debug|Any CPU
		{057FBEE7-E1EC-457C-A2B5-9C5FA17574F8}.Debug|Any CPU.Build.0 = Debug|Any CPU
		{057FBEE7-E1EC-457C-A2B5-9C5FA17574F8}.Release|Any CPU.ActiveCfg = Release|Any CPU
		{057FBEE7-E1EC-457C-A2B5-9C5FA17574F8}.Release|Any CPU.Build.0 = Release|Any CPU
		{7968FE73-09FA-495C-94C5-22A0D58491D4}.Debug|Any CPU.ActiveCfg = Debug|Any CPU
		{7968FE73-09FA-495C-94C5-22A0D58491D4}.Debug|Any CPU.Build.0 = Debug|Any CPU
		{7968FE73-09FA-495C-94C5-22A0D58491D4}.Release|Any CPU.ActiveCfg = Release|Any CPU
		{7968FE73-09FA-495C-94C5-22A0D58491D4}.Release|Any CPU.Build.0 = Release|Any CPU
		{FD5F3F32-DFE9-4FDB-8D63-76184078812A}.Debug|Any CPU.ActiveCfg = Debug|Any CPU
		{FD5F3F32-DFE9-4FDB-8D63-76184078812A}.Debug|Any CPU.Build.0 = Debug|Any CPU
		{FD5F3F32-DFE9-4FDB-8D63-76184078812A}.Release|Any CPU.ActiveCfg = Release|Any CPU
		{FD5F3F32-DFE9-4FDB-8D63-76184078812A}.Release|Any CPU.Build.0 = Release|Any CPU
	EndGlobalSection
EndGlobal
